<?xml version="1.0" encoding="utf-8"?>
<Project ToolsVersion="4.0" xmlns="http://schemas.microsoft.com/developer/msbuild/2003">
  <ItemGroup>
    <Filter Include="源文件">
      <UniqueIdentifier>{4FC737F1-C7A5-4376-A066-2A32D752A2FF}</UniqueIdentifier>
      <Extensions>cpp;c;cc;cxx;def;odl;idl;hpj;bat;asm;asmx</Extensions>
    </Filter>
    <Filter Include="头文件">
      <UniqueIdentifier>{93995380-89BD-4b04-88EB-625FBE52EBFB}</UniqueIdentifier>
      <Extensions>h;hpp;hxx;hm;inl;inc;xsd</Extensions>
    </Filter>
    <Filter Include="Common">
      <UniqueIdentifier>{ef46c3d0-7f82-4bcf-abef-5a4ba78bc74d}</UniqueIdentifier>
    </Filter>
  </ItemGroup>
  <ItemGroup>
    <ClInclude Include="ProcessMonitor.h">
      <Filter>头文件</Filter>
    </ClInclude>
    <ClInclude Include="RWIniFile.h">
      <Filter>头文件</Filter>
    </ClInclude>
    <ClInclude Include="DaemonService.h">
      <Filter>头文件</Filter>
    </ClInclude>
    <ClInclude Include="DaemonServiceDef.h">
      <Filter>头文件</Filter>
    </ClInclude>
    <ClInclude Include="..\include\Common\AutoLock.h">
      <Filter>Common</Filter>
    </ClInclude>
    <ClInclude Include="..\include\Common\CommonDef.h">
      <Filter>Common</Filter>
    </ClInclude>
    <ClInclude Include="..\include\Common\CommTypes.h">
      <Filter>Common</Filter>
    </ClInclude>
  </ItemGroup>
  <ItemGroup>
    <ClCompile Include="ProcessMonitor.cpp">
      <Filter>源文件</Filter>
    </ClCompile>
    <ClCompile Include="IceDaemonMain.cpp">
      <Filter>源文件</Filter>
    </ClCompile>
    <ClCompile Include="RWIniFile.cpp">
      <Filter>源文件</Filter>
    </ClCompile>
    <ClCompile Include="DaemonService.cpp">
      <Filter>源文件</Filter>
    </ClCompile>
  </ItemGroup>
</Project>